// !$*UTF8*$!
{
	archiveVersion = 1;
	classes = {
	};
	objectVersion = 46;
	objects = {

/* Begin PBXBuildFile section */
		51CAE005173F0F6F00CBDAC4 /* UIKit.framework in Frameworks */ = {isa = PBXBuildFile; fileRef = 51CAE004173F0F6F00CBDAC4 /* UIKit.framework */; };
		51CAE007173F0F6F00CBDAC4 /* Foundation.framework in Frameworks */ = {isa = PBXBuildFile; fileRef = 51CAE006173F0F6F00CBDAC4 /* Foundation.framework */; };
		51CAE009173F0F6F00CBDAC4 /* CoreGraphics.framework in Frameworks */ = {isa = PBXBuildFile; fileRef = 51CAE008173F0F6F00CBDAC4 /* CoreGraphics.framework */; };
		51CAE00F173F0F6F00CBDAC4 /* InfoPlist.strings in Resources */ = {isa = PBXBuildFile; fileRef = 51CAE00D173F0F6F00CBDAC4 /* InfoPlist.strings */; };
		51CAE011173F0F6F00CBDAC4 /* main.m in Sources */ = {isa = PBXBuildFile; fileRef = 51CAE010173F0F6F00CBDAC4 /* main.m */; };
		51CAE015173F0F6F00CBDAC4 /* AppDelegate.m in Sources */ = {isa = PBXBuildFile; fileRef = 51CAE014173F0F6F00CBDAC4 /* AppDelegate.m */; };
		51CAE017173F0F6F00CBDAC4 /* Default.png in Resources */ = {isa = PBXBuildFile; fileRef = 51CAE016173F0F6F00CBDAC4 /* Default.png */; };
		51CAE019173F0F6F00CBDAC4 /* Default@2x.png in Resources */ = {isa = PBXBuildFile; fileRef = 51CAE018173F0F6F00CBDAC4 /* Default@2x.png */; };
		51CAE01B173F0F6F00CBDAC4 /* Default-568h@2x.png in Resources */ = {isa = PBXBuildFile; fileRef = 51CAE01A173F0F6F00CBDAC4 /* Default-568h@2x.png */; };
		51CAE01E173F0F6F00CBDAC4 /* MainStoryboard_iPhone.storyboard in Resources */ = {isa = PBXBuildFile; fileRef = 51CAE01C173F0F6F00CBDAC4 /* MainStoryboard_iPhone.storyboard */; };
		51CAE021173F0F7000CBDAC4 /* MainStoryboard_iPad.storyboard in Resources */ = {isa = PBXBuildFile; fileRef = 51CAE01F173F0F7000CBDAC4 /* MainStoryboard_iPad.storyboard */; };
		51CAE024173F0F7000CBDAC4 /* FirstViewController.m in Sources */ = {isa = PBXBuildFile; fileRef = 51CAE023173F0F7000CBDAC4 /* FirstViewController.m */; };
		51CAE026173F0F7000CBDAC4 /* first.png in Resources */ = {isa = PBXBuildFile; fileRef = 51CAE025173F0F7000CBDAC4 /* first.png */; };
		51CAE028173F0F7000CBDAC4 /* first@2x.png in Resources */ = {isa = PBXBuildFile; fileRef = 51CAE027173F0F7000CBDAC4 /* first@2x.png */; };
		51CAE02B173F0F7000CBDAC4 /* SecondViewController.m in Sources */ = {isa = PBXBuildFile; fileRef = 51CAE02A173F0F7000CBDAC4 /* SecondViewController.m */; };
		51CAE02D173F0F7000CBDAC4 /* second.png in Resources */ = {isa = PBXBuildFile; fileRef = 51CAE02C173F0F7000CBDAC4 /* second.png */; };
		51CAE02F173F0F7000CBDAC4 /* second@2x.png in Resources */ = {isa = PBXBuildFile; fileRef = 51CAE02E173F0F7000CBDAC4 /* second@2x.png */; };
		51CAE037173F0F7000CBDAC4 /* SenTestingKit.framework in Frameworks */ = {isa = PBXBuildFile; fileRef = 51CAE036173F0F7000CBDAC4 /* SenTestingKit.framework */; };
		51CAE038173F0F7000CBDAC4 /* UIKit.framework in Frameworks */ = {isa = PBXBuildFile; fileRef = 51CAE004173F0F6F00CBDAC4 /* UIKit.framework */; };
		51CAE039173F0F7000CBDAC4 /* Foundation.framework in Frameworks */ = {isa = PBXBuildFile; fileRef = 51CAE006173F0F6F00CBDAC4 /* Foundation.framework */; };
		51CAE041173F0F7000CBDAC4 /* InfoPlist.strings in Resources */ = {isa = PBXBuildFile; fileRef = 51CAE03F173F0F7000CBDAC4 /* InfoPlist.strings */; };
		51CAE044173F0F7000CBDAC4 /* MetabolizeTests.m in Sources */ = {isa = PBXBuildFile; fileRef = 51CAE043173F0F7000CBDAC4 /* MetabolizeTests.m */; };
/* End PBXBuildFile section */

/* Begin PBXContainerItemProxy section */
		51CAE03A173F0F7000CBDAC4 /* PBXContainerItemProxy */ = {
			isa = PBXContainerItemProxy;
			containerPortal = 51CADFF9173F0F6F00CBDAC4 /* Project object */;
			proxyType = 1;
			remoteGlobalIDString = 51CAE000173F0F6F00CBDAC4;
			remoteInfo = Metabolize;
		};
/* End PBXContainerItemProxy section */

/* Begin PBXFileReference section */
		51CAE001173F0F6F00CBDAC4 /* Metabolize.app */ = {isa = PBXFileReference; explicitFileType = wrapper.application; includeInIndex = 0; path = Metabolize.app; sourceTree = BUILT_PRODUCTS_DIR; };
		51CAE004173F0F6F00CBDAC4 /* UIKit.framework */ = {isa = PBXFileReference; lastKnownFileType = wrapper.framework; name = UIKit.framework; path = System/Library/Frameworks/UIKit.framework; sourceTree = SDKROOT; };
		51CAE006173F0F6F00CBDAC4 /* Foundation.framework */ = {isa = PBXFileReference; lastKnownFileType = wrapper.framework; name = Foundation.framework; path = System/Library/Frameworks/Foundation.framework; sourceTree = SDKROOT; };
		51CAE008173F0F6F00CBDAC4 /* CoreGraphics.framework */ = {isa = PBXFileReference; lastKnownFileType = wrapper.framework; name = CoreGraphics.framework; path = System/Library/Frameworks/CoreGraphics.framework; sourceTree = SDKROOT; };
		51CAE00C173F0F6F00CBDAC4 /* Metabolize-Info.plist */ = {isa = PBXFileReference; lastKnownFileType = text.plist.xml; path = "Metabolize-Info.plist"; sourceTree = "<group>"; };
		51CAE00E173F0F6F00CBDAC4 /* en */ = {isa = PBXFileReference; lastKnownFileType = text.plist.strings; name = en; path = en.lproj/InfoPlist.strings; sourceTree = "<group>"; };
		51CAE010173F0F6F00CBDAC4 /* main.m */ = {isa = PBXFileReference; lastKnownFileType = sourcecode.c.objc; path = main.m; sourceTree = "<group>"; };
		51CAE012173F0F6F00CBDAC4 /* Metabolize-Prefix.pch */ = {isa = PBXFileReference; lastKnownFileType = sourcecode.c.h; path = "Metabolize-Prefix.pch"; sourceTree = "<group>"; };
		51CAE013173F0F6F00CBDAC4 /* AppDelegate.h */ = {isa = PBXFileReference; lastKnownFileType = sourcecode.c.h; path = AppDelegate.h; sourceTree = "<group>"; };
		51CAE014173F0F6F00CBDAC4 /* AppDelegate.m */ = {isa = PBXFileReference; lastKnownFileType = sourcecode.c.objc; path = AppDelegate.m; sourceTree = "<group>"; };
		51CAE016173F0F6F00CBDAC4 /* Default.png */ = {isa = PBXFileReference; lastKnownFileType = image.png; path = Default.png; sourceTree = "<group>"; };
		51CAE018173F0F6F00CBDAC4 /* Default@2x.png */ = {isa = PBXFileReference; lastKnownFileType = image.png; path = "Default@2x.png"; sourceTree = "<group>"; };
		51CAE01A173F0F6F00CBDAC4 /* Default-568h@2x.png */ = {isa = PBXFileReference; lastKnownFileType = image.png; path = "Default-568h@2x.png"; sourceTree = "<group>"; };
		51CAE01D173F0F6F00CBDAC4 /* en */ = {isa = PBXFileReference; lastKnownFileType = file.storyboard; name = en; path = en.lproj/MainStoryboard_iPhone.storyboard; sourceTree = "<group>"; };
		51CAE020173F0F7000CBDAC4 /* en */ = {isa = PBXFileReference; lastKnownFileType = file.storyboard; name = en; path = en.lproj/MainStoryboard_iPad.storyboard; sourceTree = "<group>"; };
		51CAE022173F0F7000CBDAC4 /* FirstViewController.h */ = {isa = PBXFileReference; lastKnownFileType = sourcecode.c.h; path = FirstViewController.h; sourceTree = "<group>"; };
		51CAE023173F0F7000CBDAC4 /* FirstViewController.m */ = {isa = PBXFileReference; lastKnownFileType = sourcecode.c.objc; path = FirstViewController.m; sourceTree = "<group>"; };
		51CAE025173F0F7000CBDAC4 /* first.png */ = {isa = PBXFileReference; lastKnownFileType = image.png; path = first.png; sourceTree = "<group>"; };
		51CAE027173F0F7000CBDAC4 /* first@2x.png */ = {isa = PBXFileReference; lastKnownFileType = image.png; path = "first@2x.png"; sourceTree = "<group>"; };
		51CAE029173F0F7000CBDAC4 /* SecondViewController.h */ = {isa = PBXFileReference; lastKnownFileType = sourcecode.c.h; path = SecondViewController.h; sourceTree = "<group>"; };
		51CAE02A173F0F7000CBDAC4 /* SecondViewController.m */ = {isa = PBXFileReference; lastKnownFileType = sourcecode.c.objc; path = SecondViewController.m; sourceTree = "<group>"; };
		51CAE02C173F0F7000CBDAC4 /* second.png */ = {isa = PBXFileReference; lastKnownFileType = image.png; path = second.png; sourceTree = "<group>"; };
		51CAE02E173F0F7000CBDAC4 /* second@2x.png */ = {isa = PBXFileReference; lastKnownFileType = image.png; path = "second@2x.png"; sourceTree = "<group>"; };
		51CAE035173F0F7000CBDAC4 /* MetabolizeTests.octest */ = {isa = PBXFileReference; explicitFileType = wrapper.cfbundle; includeInIndex = 0; path = MetabolizeTests.octest; sourceTree = BUILT_PRODUCTS_DIR; };
		51CAE036173F0F7000CBDAC4 /* SenTestingKit.framework */ = {isa = PBXFileReference; lastKnownFileType = wrapper.framework; name = SenTestingKit.framework; path = Library/Frameworks/SenTestingKit.framework; sourceTree = DEVELOPER_DIR; };
		51CAE03E173F0F7000CBDAC4 /* MetabolizeTests-Info.plist */ = {isa = PBXFileReference; lastKnownFileType = text.plist.xml; path = "MetabolizeTests-Info.plist"; sourceTree = "<group>"; };
		51CAE040173F0F7000CBDAC4 /* en */ = {isa = PBXFileReference; lastKnownFileType = text.plist.strings; name = en; path = en.lproj/InfoPlist.strings; sourceTree = "<group>"; };
		51CAE042173F0F7000CBDAC4 /* MetabolizeTests.h */ = {isa = PBXFileReference; lastKnownFileType = sourcecode.c.h; path = MetabolizeTests.h; sourceTree = "<group>"; };
		51CAE043173F0F7000CBDAC4 /* MetabolizeTests.m */ = {isa = PBXFileReference; lastKnownFileType = sourcecode.c.objc; path = MetabolizeTests.m; sourceTree = "<group>"; };
/* End PBXFileReference section */

/* Begin PBXFrameworksBuildPhase section */
		51CADFFE173F0F6F00CBDAC4 /* Frameworks */ = {
			isa = PBXFrameworksBuildPhase;
			buildActionMask = 2147483647;
			files = (
				51CAE005173F0F6F00CBDAC4 /* UIKit.framework in Frameworks */,
				51CAE007173F0F6F00CBDAC4 /* Foundation.framework in Frameworks */,
				51CAE009173F0F6F00CBDAC4 /* CoreGraphics.framework in Frameworks */,
			);
			runOnlyForDeploymentPostprocessing = 0;
		};
		51CAE031173F0F7000CBDAC4 /* Frameworks */ = {
			isa = PBXFrameworksBuildPhase;
			buildActionMask = 2147483647;
			files = (
				51CAE037173F0F7000CBDAC4 /* SenTestingKit.framework in Frameworks */,
				51CAE038173F0F7000CBDAC4 /* UIKit.framework in Frameworks */,
				51CAE039173F0F7000CBDAC4 /* Foundation.framework in Frameworks */,
			);
			runOnlyForDeploymentPostprocessing = 0;
		};
/* End PBXFrameworksBuildPhase section */

/* Begin PBXGroup section */
		51CADFF8173F0F6F00CBDAC4 = {
			isa = PBXGroup;
			children = (
				51CAE00A173F0F6F00CBDAC4 /* Metabolize */,
				51CAE03C173F0F7000CBDAC4 /* MetabolizeTests */,
				51CAE003173F0F6F00CBDAC4 /* Frameworks */,
				51CAE002173F0F6F00CBDAC4 /* Products */,
			);
			sourceTree = "<group>";
		};
		51CAE002173F0F6F00CBDAC4 /* Products */ = {
			isa = PBXGroup;
			children = (
				51CAE001173F0F6F00CBDAC4 /* Metabolize.app */,
				51CAE035173F0F7000CBDAC4 /* MetabolizeTests.octest */,
			);
			name = Products;
			sourceTree = "<group>";
		};
		51CAE003173F0F6F00CBDAC4 /* Frameworks */ = {
			isa = PBXGroup;
			children = (
				51CAE004173F0F6F00CBDAC4 /* UIKit.framework */,
				51CAE006173F0F6F00CBDAC4 /* Foundation.framework */,
				51CAE008173F0F6F00CBDAC4 /* CoreGraphics.framework */,
				51CAE036173F0F7000CBDAC4 /* SenTestingKit.framework */,
			);
			name = Frameworks;
			sourceTree = "<group>";
		};
		51CAE00A173F0F6F00CBDAC4 /* Metabolize */ = {
			isa = PBXGroup;
			children = (
				51CAE013173F0F6F00CBDAC4 /* AppDelegate.h */,
				51CAE014173F0F6F00CBDAC4 /* AppDelegate.m */,
				51CAE01C173F0F6F00CBDAC4 /* MainStoryboard_iPhone.storyboard */,
				51CAE01F173F0F7000CBDAC4 /* MainStoryboard_iPad.storyboard */,
				51CAE022173F0F7000CBDAC4 /* FirstViewController.h */,
				51CAE023173F0F7000CBDAC4 /* FirstViewController.m */,
				51CAE025173F0F7000CBDAC4 /* first.png */,
				51CAE027173F0F7000CBDAC4 /* first@2x.png */,
				51CAE029173F0F7000CBDAC4 /* SecondViewController.h */,
				51CAE02A173F0F7000CBDAC4 /* SecondViewController.m */,
				51CAE02C173F0F7000CBDAC4 /* second.png */,
				51CAE02E173F0F7000CBDAC4 /* second@2x.png */,
				51CAE00B173F0F6F00CBDAC4 /* Supporting Files */,
			);
			path = Metabolize;
			sourceTree = "<group>";
		};
		51CAE00B173F0F6F00CBDAC4 /* Supporting Files */ = {
			isa = PBXGroup;
			children = (
				51CAE00C173F0F6F00CBDAC4 /* Metabolize-Info.plist */,
				51CAE00D173F0F6F00CBDAC4 /* InfoPlist.strings */,
				51CAE010173F0F6F00CBDAC4 /* main.m */,
				51CAE012173F0F6F00CBDAC4 /* Metabolize-Prefix.pch */,
				51CAE016173F0F6F00CBDAC4 /* Default.png */,
				51CAE018173F0F6F00CBDAC4 /* Default@2x.png */,
				51CAE01A173F0F6F00CBDAC4 /* Default-568h@2x.png */,
			);
			name = "Supporting Files";
			sourceTree = "<group>";
		};
		51CAE03C173F0F7000CBDAC4 /* MetabolizeTests */ = {
			isa = PBXGroup;
			children = (
				51CAE042173F0F7000CBDAC4 /* MetabolizeTests.h */,
				51CAE043173F0F7000CBDAC4 /* MetabolizeTests.m */,
				51CAE03D173F0F7000CBDAC4 /* Supporting Files */,
			);
			path = MetabolizeTests;
			sourceTree = "<group>";
		};
		51CAE03D173F0F7000CBDAC4 /* Supporting Files */ = {
			isa = PBXGroup;
			children = (
				51CAE03E173F0F7000CBDAC4 /* MetabolizeTests-Info.plist */,
				51CAE03F173F0F7000CBDAC4 /* InfoPlist.strings */,
			);
			name = "Supporting Files";
			sourceTree = "<group>";
		};
/* End PBXGroup section */

/* Begin PBXNativeTarget section */
		51CAE000173F0F6F00CBDAC4 /* Metabolize */ = {
			isa = PBXNativeTarget;
			buildConfigurationList = 51CAE047173F0F7000CBDAC4 /* Build configuration list for PBXNativeTarget "Metabolize" */;
			buildPhases = (
				51CADFFD173F0F6F00CBDAC4 /* Sources */,
				51CADFFE173F0F6F00CBDAC4 /* Frameworks */,
				51CADFFF173F0F6F00CBDAC4 /* Resources */,
			);
			buildRules = (
			);
			dependencies = (
			);
			name = Metabolize;
			productName = Metabolize;
			productReference = 51CAE001173F0F6F00CBDAC4 /* Metabolize.app */;
			productType = "com.apple.product-type.application";
		};
		51CAE034173F0F7000CBDAC4 /* MetabolizeTests */ = {
			isa = PBXNativeTarget;
			buildConfigurationList = 51CAE04A173F0F7000CBDAC4 /* Build configuration list for PBXNativeTarget "MetabolizeTests" */;
			buildPhases = (
				51CAE030173F0F7000CBDAC4 /* Sources */,
				51CAE031173F0F7000CBDAC4 /* Frameworks */,
				51CAE032173F0F7000CBDAC4 /* Resources */,
				51CAE033173F0F7000CBDAC4 /* ShellScript */,
			);
			buildRules = (
			);
			dependencies = (
				51CAE03B173F0F7000CBDAC4 /* PBXTargetDependency */,
			);
			name = MetabolizeTests;
			productName = MetabolizeTests;
			productReference = 51CAE035173F0F7000CBDAC4 /* MetabolizeTests.octest */;
			productType = "com.apple.product-type.bundle";
		};
/* End PBXNativeTarget section */

/* Begin PBXProject section */
		51CADFF9173F0F6F00CBDAC4 /* Project object */ = {
			isa = PBXProject;
			attributes = {
				LastUpgradeCheck = 0460;
				ORGANIZATIONNAME = "Derek F. Scharton";
			};
			buildConfigurationList = 51CADFFC173F0F6F00CBDAC4 /* Build configuration list for PBXProject "Metabolize" */;
			compatibilityVersion = "Xcode 3.2";
			developmentRegion = English;
			hasScannedForEncodings = 0;
			knownRegions = (
				en,
			);
			mainGroup = 51CADFF8173F0F6F00CBDAC4;
			productRefGroup = 51CAE002173F0F6F00CBDAC4 /* Products */;
			projectDirPath = "";
			projectRoot = "";
			targets = (
				51CAE000173F0F6F00CBDAC4 /* Metabolize */,
				51CAE034173F0F7000CBDAC4 /* MetabolizeTests */,
			);
		};
/* End PBXProject section */

/* Begin PBXResourcesBuildPhase section */
		51CADFFF173F0F6F00CBDAC4 /* Resources */ = {
			isa = PBXResourcesBuildPhase;
			buildActionMask = 2147483647;
			files = (
				51CAE00F173F0F6F00CBDAC4 /* InfoPlist.strings in Resources */,
				51CAE017173F0F6F00CBDAC4 /* Default.png in Resources */,
				51CAE019173F0F6F00CBDAC4 /* Default@2x.png in Resources */,
				51CAE01B173F0F6F00CBDAC4 /* Default-568h@2x.png in Resources */,
				51CAE01E173F0F6F00CBDAC4 /* MainStoryboard_iPhone.storyboard in Resources */,
				51CAE021173F0F7000CBDAC4 /* MainStoryboard_iPad.storyboard in Resources */,
				51CAE026173F0F7000CBDAC4 /* first.png in Resources */,
				51CAE028173F0F7000CBDAC4 /* first@2x.png in Resources */,
				51CAE02D173F0F7000CBDAC4 /* second.png in Resources */,
				51CAE02F173F0F7000CBDAC4 /* second@2x.png in Resources */,
			);
			runOnlyForDeploymentPostprocessing = 0;
		};
		51CAE032173F0F7000CBDAC4 /* Resources */ = {
			isa = PBXResourcesBuildPhase;
			buildActionMask = 2147483647;
			files = (
				51CAE041173F0F7000CBDAC4 /* InfoPlist.strings in Resources */,
			);
			runOnlyForDeploymentPostprocessing = 0;
		};
/* End PBXResourcesBuildPhase section */

/* Begin PBXShellScriptBuildPhase section */
		51CAE033173F0F7000CBDAC4 /* ShellScript */ = {
			isa = PBXShellScriptBuildPhase;
			buildActionMask = 2147483647;
			files = (
			);
			inputPaths = (
			);
			outputPaths = (
			);
			runOnlyForDeploymentPostprocessing = 0;
			shellPath = /bin/sh;
			shellScript = "# Run the unit tests in this test bundle.\n\"${SYSTEM_DEVELOPER_DIR}/Tools/RunUnitTests\"\n";
		};
/* End PBXShellScriptBuildPhase section */

/* Begin PBXSourcesBuildPhase section */
		51CADFFD173F0F6F00CBDAC4 /* Sources */ = {
			isa = PBXSourcesBuildPhase;
			buildActionMask = 2147483647;
			files = (
				51CAE011173F0F6F00CBDAC4 /* main.m in Sources */,
				51CAE015173F0F6F00CBDAC4 /* AppDelegate.m in Sources */,
				51CAE024173F0F7000CBDAC4 /* FirstViewController.m in Sources */,
				51CAE02B173F0F7000CBDAC4 /* SecondViewController.m in Sources */,
			);
			runOnlyForDeploymentPostprocessing = 0;
		};
		51CAE030173F0F7000CBDAC4 /* Sources */ = {
			isa = PBXSourcesBuildPhase;
			buildActionMask = 2147483647;
			files = (
				51CAE044173F0F7000CBDAC4 /* MetabolizeTests.m in Sources */,
			);
			runOnlyForDeploymentPostprocessing = 0;
		};
/* End PBXSourcesBuildPhase section */

/* Begin PBXTargetDependency section */
		51CAE03B173F0F7000CBDAC4 /* PBXTargetDependency */ = {
			isa = PBXTargetDependency;
			target = 51CAE000173F0F6F00CBDAC4 /* Metabolize */;
			targetProxy = 51CAE03A173F0F7000CBDAC4 /* PBXContainerItemProxy */;
		};
/* End PBXTargetDependency section */

/* Begin PBXVariantGroup section */
		51CAE00D173F0F6F00CBDAC4 /* InfoPlist.strings */ = {
			isa = PBXVariantGroup;
			children = (
				51CAE00E173F0F6F00CBDAC4 /* en */,
			);
			name = InfoPlist.strings;
			sourceTree = "<group>";
		};
		51CAE01C173F0F6F00CBDAC4 /* MainStoryboard_iPhone.storyboard */ = {
			isa = PBXVariantGroup;
			children = (
				51CAE01D173F0F6F00CBDAC4 /* en */,
			);
			name = MainStoryboard_iPhone.storyboard;
			sourceTree = "<group>";
		};
		51CAE01F173F0F7000CBDAC4 /* MainStoryboard_iPad.storyboard */ = {
			isa = PBXVariantGroup;
			children = (
				51CAE020173F0F7000CBDAC4 /* en */,
			);
			name = MainStoryboard_iPad.storyboard;
			sourceTree = "<group>";
		};
		51CAE03F173F0F7000CBDAC4 /* InfoPlist.strings */ = {
			isa = PBXVariantGroup;
			children = (
				51CAE040173F0F7000CBDAC4 /* en */,
			);
			name = InfoPlist.strings;
			sourceTree = "<group>";
		};
/* End PBXVariantGroup section */

/* Begin XCBuildConfiguration section */
		51CAE045173F0F7000CBDAC4 /* Debug */ = {
			isa = XCBuildConfiguration;
			buildSettings = {
				ALWAYS_SEARCH_USER_PATHS = NO;
				CLANG_CXX_LANGUAGE_STANDARD = "gnu++0x";
				CLANG_CXX_LIBRARY = "libc++";
				CLANG_ENABLE_OBJC_ARC = YES;
				CLANG_WARN_CONSTANT_CONVERSION = YES;
				CLANG_WARN_EMPTY_BODY = YES;
				CLANG_WARN_ENUM_CONVERSION = YES;
				CLANG_WARN_INT_CONVERSION = YES;
				CLANG_WARN__DUPLICATE_METHOD_MATCH = YES;
				"CODE_SIGN_IDENTITY[sdk=iphoneos*]" = "iPhone Developer";
				COPY_PHASE_STRIP = NO;
				GCC_C_LANGUAGE_STANDARD = gnu99;
				GCC_DYNAMIC_NO_PIC = NO;
				GCC_OPTIMIZATION_LEVEL = 0;
				GCC_PREPROCESSOR_DEFINITIONS = (
					"DEBUG=1",
					"$(inherited)",
				);
				GCC_SYMBOLS_PRIVATE_EXTERN = NO;
				GCC_WARN_ABOUT_RETURN_TYPE = YES;
				GCC_WARN_UNINITIALIZED_AUTOS = YES;
				GCC_WARN_UNUSED_VARIABLE = YES;
				IPHONEOS_DEPLOYMENT_TARGET = 6.1;
				ONLY_ACTIVE_ARCH = YES;
				SDKROOT = iphoneos;
				TARGETED_DEVICE_FAMILY = "1,2";
			};
			name = Debug;
		};
		51CAE046173F0F7000CBDAC4 /* Release */ = {
			isa = XCBuildConfiguration;
			buildSettings = {
				ALWAYS_SEARCH_USER_PATHS = NO;
				CLANG_CXX_LANGUAGE_STANDARD = "gnu++0x";
				CLANG_CXX_LIBRARY = "libc++";
				CLANG_ENABLE_OBJC_ARC = YES;
				CLANG_WARN_CONSTANT_CONVERSION = YES;
				CLANG_WARN_EMPTY_BODY = YES;
				CLANG_WARN_ENUM_CONVERSION = YES;
				CLANG_WARN_INT_CONVERSION = YES;
				CLANG_WARN__DUPLICATE_METHOD_MATCH = YES;
				"CODE_SIGN_IDENTITY[sdk=iphoneos*]" = "iPhone Developer";
				COPY_PHASE_STRIP = YES;
				GCC_C_LANGUAGE_STANDARD = gnu99;
				GCC_WARN_ABOUT_RETURN_TYPE = YES;
				GCC_WARN_UNINITIALIZED_AUTOS = YES;
				GCC_WARN_UNUSED_VARIABLE = YES;
				IPHONEOS_DEPLOYMENT_TARGET = 6.1;
				OTHER_CFLAGS = "-DNS_BLOCK_ASSERTIONS=1";
				SDKROOT = iphoneos;
				TARGETED_DEVICE_FAMILY = "1,2";
				VALIDATE_PRODUCT = YES;
			};
			name = Release;
		};
		51CAE048173F0F7000CBDAC4 /* Debug */ = {
			isa = XCBuildConfiguration;
			buildSettings = {
				GCC_PRECOMPILE_PREFIX_HEADER = YES;
				GCC_PREFIX_HEADER = "Metabolize/Metabolize-Prefix.pch";
				INFOPLIST_FILE = "Metabolize/Metabolize-Info.plist";
				PRODUCT_NAME = "$(TARGET_NAME)";
				WRAPPER_EXTENSION = app;
			};
			name = Debug;
		};
		51CAE049173F0F7000CBDAC4 /* Release */ = {
			isa = XCBuildConfiguration;
			buildSettings = {
				GCC_PRECOMPILE_PREFIX_HEADER = YES;
				GCC_PREFIX_HEADER = "Metabolize/Metabolize-Prefix.pch";
				INFOPLIST_FILE = "Metabolize/Metabolize-Info.plist";
				PRODUCT_NAME = "$(TARGET_NAME)";
				WRAPPER_EXTENSION = app;
			};
			name = Release;
		};
		51CAE04B173F0F7000CBDAC4 /* Debug */ = {
			isa = XCBuildConfiguration;
			buildSettings = {
				BUNDLE_LOADER = "$(BUILT_PRODUCTS_DIR)/Metabolize.app/Metabolize";
				FRAMEWORK_SEARCH_PATHS = (
					"\"$(SDKROOT)/Developer/Library/Frameworks\"",
					"\"$(DEVELOPER_LIBRARY_DIR)/Frameworks\"",
				);
				GCC_PRECOMPILE_PREFIX_HEADER = YES;
				GCC_PREFIX_HEADER = "Metabolize/Metabolize-Prefix.pch";
				INFOPLIST_FILE = "MetabolizeTests/MetabolizeTests-Info.plist";
				PRODUCT_NAME = "$(TARGET_NAME)";
				TEST_HOST = "$(BUNDLE_LOADER)";
				WRAPPER_EXTENSION = octest;
			};
			name = Debug;
		};
		51CAE04C173F0F7000CBDAC4 /* Release */ = {
			isa = XCBuildConfiguration;
			buildSettings = {
				BUNDLE_LOADER = "$(BUILT_PRODUCTS_DIR)/Metabolize.app/Metabolize";
				FRAMEWORK_SEARCH_PATHS = (
					"\"$(SDKROOT)/Developer/Library/Frameworks\"",
					"\"$(DEVELOPER_LIBRARY_DIR)/Frameworks\"",
				);
				GCC_PRECOMPILE_PREFIX_HEADER = YES;
				GCC_PREFIX_HEADER = "Metabolize/Metabolize-Prefix.pch";
				INFOPLIST_FILE = "MetabolizeTests/MetabolizeTests-Info.plist";
				PRODUCT_NAME = "$(TARGET_NAME)";
				TEST_HOST = "$(BUNDLE_LOADER)";
				WRAPPER_EXTENSION = octest;
			};
			name = Release;
		};
/* End XCBuildConfiguration section */

/* Begin XCConfigurationList section */
		51CADFFC173F0F6F00CBDAC4 /* Build configuration list for PBXProject "Metabolize" */ = {
			isa = XCConfigurationList;
			buildConfigurations = (
				51CAE045173F0F7000CBDAC4 /* Debug */,
				51CAE046173F0F7000CBDAC4 /* Release */,
			);
			defaultConfigurationIsVisible = 0;
			defaultConfigurationName = Release;
		};
		51CAE047173F0F7000CBDAC4 /* Build configuration list for PBXNativeTarget "Metabolize" */ = {
			isa = XCConfigurationList;
			buildConfigurations = (
				51CAE048173F0F7000CBDAC4 /* Debug */,
				51CAE049173F0F7000CBDAC4 /* Release */,
			);
			defaultConfigurationIsVisible = 0;
		};
		51CAE04A173F0F7000CBDAC4 /* Build configuration list for PBXNativeTarget "MetabolizeTests" */ = {
			isa = XCConfigurationList;
			buildConfigurations = (
				51CAE04B173F0F7000CBDAC4 /* Debug */,
				51CAE04C173F0F7000CBDAC4 /* Release */,
			);
			defaultConfigurationIsVisible = 0;
		};
/* End XCConfigurationList section */
	};
	rootObject = 51CADFF9173F0F6F00CBDAC4 /* Project object */;
}
